
Microsoft Visual Studio Solution File, Format Version 12.00
# Visual Studio Version 16
VisualStudioVersion = 16.0.32126.315
MinimumVisualStudioVersion = 10.0.40219.1
Project("{FAE04EC0-301F-11D3-BF4B-00C04F79EFBC}") = "Tugas 1", "Tugas 1\Tugas 1.csproj", "{DFC13C7E-6F36-4976-A69F-387AF0D278A6}"
EndProject
Global
	GlobalSection(SolutionConfigurationPlatforms) = preSolution
		Debug|Any CPU = Debug|Any CPU
		Release|Any CPU = Release|Any CPU
	EndGlobalSection
	GlobalSection(ProjectConfigurationPlatforms) = postSolution
		{DFC13C7E-6F36-4976-A69F-387AF0D278A6}.Debug|Any CPU.ActiveCfg = Debug|Any CPU
		{DFC13C7E-6F36-4976-A69F-387AF0D278A6}.Debug|Any CPU.Build.0 = Debug|Any CPU
		{DFC13C7E-6F36-4976-A69F-387AF0D278A6}.Release|Any CPU.ActiveCfg = Release|Any CPU
		{DFC13C7E-6F36-4976-A69F-387AF0D278A6}.Release|Any CPU.Build.0 = Release|Any CPU
	EndGlobalSection
	GlobalSection(SolutionProperties) = preSolution
		HideSolutionNode = FALSE
	EndGlobalSection
	GlobalSection(ExtensibilityGlobals) = postSolution
		SolutionGuid = {013EC6F5-D3B1-471E-89E7-67B7EDECAB7D}
	EndGlobalSection
EndGlobal
